
Microsoft Visual Studio Solution File, Format Version 12.00
# Visual Studio Version 16
VisualStudioVersion = 16.0.31321.278
MinimumVisualStudioVersion = 10.0.40219.1
Project("{9A19103F-16F7-4668-BE54-9A1E7A4F7556}") = "Books", "Books\Books.csproj", "{9184DC74-1FD3-4F6F-8506-0692249CDEEA}"
EndProject
Project("{9A19103F-16F7-4668-BE54-9A1E7A4F7556}") = "Books.BusinessLayer", "Books.BusinessLayer\Books.BusinessLayer.csproj", "{1CF7EDD3-959F-431C-86E7-6BCE1B830875}"
EndProject
Project("{FAE04EC0-301F-11D3-BF4B-00C04F79EFBC}") = "Books.UnitTest", "Books.UnitTest\Books.UnitTest.csproj", "{057D2172-17A4-4656-8954-26B26651529B}"
EndProject
Global
	GlobalSection(SolutionConfigurationPlatforms) = preSolution
		Debug|Any CPU = Debug|Any CPU
		Release|Any CPU = Release|Any CPU
	EndGlobalSection
	GlobalSection(ProjectConfigurationPlatforms) = postSolution
		{9184DC74-1FD3-4F6F-8506-0692249CDEEA}.Debug|Any CPU.ActiveCfg = Debug|Any CPU
		{9184DC74-1FD3-4F6F-8506-0692249CDEEA}.Debug|Any CPU.Build.0 = Debug|Any CPU
		{9184DC74-1FD3-4F6F-8506-0692249CDEEA}.Release|Any CPU.ActiveCfg = Release|Any CPU
		{9184DC74-1FD3-4F6F-8506-0692249CDEEA}.Release|Any CPU.Build.0 = Release|Any CPU
		{1CF7EDD3-959F-431C-86E7-6BCE1B830875}.Debug|Any CPU.ActiveCfg = Debug|Any CPU
		{1CF7EDD3-959F-431C-86E7-6BCE1B830875}.Debug|Any CPU.Build.0 = Debug|Any CPU
		{1CF7EDD3-959F-431C-86E7-6BCE1B830875}.Release|Any CPU.ActiveCfg = Release|Any CPU
		{1CF7EDD3-959F-431C-86E7-6BCE1B830875}.Release|Any CPU.Build.0 = Release|Any CPU
		{057D2172-17A4-4656-8954-26B26651529B}.Debug|Any CPU.ActiveCfg = Debug|Any CPU
		{057D2172-17A4-4656-8954-26B26651529B}.Debug|Any CPU.Build.0 = Debug|Any CPU
		{057D2172-17A4-4656-8954-26B26651529B}.Release|Any CPU.ActiveCfg = Release|Any CPU
		{057D2172-17A4-4656-8954-26B26651529B}.Release|Any CPU.Build.0 = Release|Any CPU
	EndGlobalSection
	GlobalSection(SolutionProperties) = preSolution
		HideSolutionNode = FALSE
	EndGlobalSection
	GlobalSection(ExtensibilityGlobals) = postSolution
		SolutionGuid = {1BF964D4-FC89-4C64-A6BC-B462BEB720A4}
	EndGlobalSection
EndGlobal
